Microsoft Visual Studio Solution File, Format Version 11.00
# Visual Studio 2008

Project("{8E7F8CC4-0E87-B571-F332-199C169321C2}") = "newdBFest2013", "Assembly-CSharp-firstpass.csproj", "{1A6A1F69-0AAD-41EA-05C3-9760856EA7DF}"
EndProject
Project("{8E7F8CC4-0E87-B571-F332-199C169321C2}") = "newdBFest2013", "Assembly-CSharp.csproj", "{7BD75330-CA4A-2571-3CFC-8E061E3260C7}"
EndProject
Project("{8E7F8CC4-0E87-B571-F332-199C169321C2}") = "newdBFest2013", "Assembly-UnityScript-firstpass.unityproj", "{78A35F00-E5F5-1D82-F65E-7551292CAB5C}"
EndProject
Project("{8E7F8CC4-0E87-B571-F332-199C169321C2}") = "newdBFest2013", "Assembly-UnityScript.unityproj", "{89E01AC7-5784-1F13-A32D-AB5BA827F9DD}"
EndProject
Global
	GlobalSection(SolutionConfigurationPlatforms) = preSolution
		Debug|Any CPU = Debug|Any CPU
		Release|Any CPU = Release|Any CPU
	EndGlobalSection
	GlobalSection(ProjectConfigurationPlatforms) = postSolution
		{1A6A1F69-0AAD-41EA-05C3-9760856EA7DF}.Debug|Any CPU.ActiveCfg = Debug|Any CPU
		{1A6A1F69-0AAD-41EA-05C3-9760856EA7DF}.Debug|Any CPU.Build.0 = Debug|Any CPU
		{1A6A1F69-0AAD-41EA-05C3-9760856EA7DF}.Release|Any CPU.ActiveCfg = Release|Any CPU
		{1A6A1F69-0AAD-41EA-05C3-9760856EA7DF}.Release|Any CPU.Build.0 = Release|Any CPU
		{7BD75330-CA4A-2571-3CFC-8E061E3260C7}.Debug|Any CPU.ActiveCfg = Debug|Any CPU
		{7BD75330-CA4A-2571-3CFC-8E061E3260C7}.Debug|Any CPU.Build.0 = Debug|Any CPU
		{7BD75330-CA4A-2571-3CFC-8E061E3260C7}.Release|Any CPU.ActiveCfg = Release|Any CPU
		{7BD75330-CA4A-2571-3CFC-8E061E3260C7}.Release|Any CPU.Build.0 = Release|Any CPU
		{78A35F00-E5F5-1D82-F65E-7551292CAB5C}.Debug|Any CPU.ActiveCfg = Debug|Any CPU
		{78A35F00-E5F5-1D82-F65E-7551292CAB5C}.Debug|Any CPU.Build.0 = Debug|Any CPU
		{78A35F00-E5F5-1D82-F65E-7551292CAB5C}.Release|Any CPU.ActiveCfg = Release|Any CPU
		{78A35F00-E5F5-1D82-F65E-7551292CAB5C}.Release|Any CPU.Build.0 = Release|Any CPU
		{89E01AC7-5784-1F13-A32D-AB5BA827F9DD}.Debug|Any CPU.ActiveCfg = Debug|Any CPU
		{89E01AC7-5784-1F13-A32D-AB5BA827F9DD}.Debug|Any CPU.Build.0 = Debug|Any CPU
		{89E01AC7-5784-1F13-A32D-AB5BA827F9DD}.Release|Any CPU.ActiveCfg = Release|Any CPU
		{89E01AC7-5784-1F13-A32D-AB5BA827F9DD}.Release|Any CPU.Build.0 = Release|Any CPU
	EndGlobalSection
	GlobalSection(SolutionProperties) = preSolution
		HideSolutionNode = FALSE
	EndGlobalSection
																																																																																	GlobalSection(MonoDevelopProperties) = preSolution
		StartupItem = Assembly-CSharp.csproj
		Policies = $0
		$0.TextStylePolicy = $1
		$1.inheritsSet = null
		$1.scope = text/x-csharp
		$0.CSharpFormattingPolicy = $2
		$2.inheritsSet = Mono
		$2.inheritsScope = text/x-csharp
		$2.scope = text/x-csharp
		$0.TextStylePolicy = $3
		$3.FileWidth = 120
		$3.TabWidth = 4
		$3.EolMarker = Unix
		$3.inheritsSet = Mono
		$3.inheritsScope = text/plain
		$3.scope = text/plain
	EndGlobalSection

EndGlobal
